// !$*UTF8*$!
{
	archiveVersion = 1;
	classes = {
	};
	objectVersion = 56;
	objects = {

/* Begin PBXBuildFile section */
		47385A142947DBF700FE17D3 /* AI_ProductivityApp.swift in Sources */ = {isa = PBXBuildFile; fileRef = 47385A132947DBF700FE17D3 /* AI_ProductivityApp.swift */; };
		47385A182947DBF800FE17D3 /* Assets.xcassets in Resources */ = {isa = PBXBuildFile; fileRef = 47385A172947DBF800FE17D3 /* Assets.xcassets */; };
		47385A1C2947DBF800FE17D3 /* Preview Assets.xcassets in Resources */ = {isa = PBXBuildFile; fileRef = 47385A1B2947DBF800FE17D3 /* Preview Assets.xcassets */; };
		47385A262947DBF800FE17D3 /* AI_ProductivityTests.swift in Sources */ = {isa = PBXBuildFile; fileRef = 47385A252947DBF800FE17D3 /* AI_ProductivityTests.swift */; };
		47385A302947DBF800FE17D3 /* AI_ProductivityUITests.swift in Sources */ = {isa = PBXBuildFile; fileRef = 47385A2F2947DBF800FE17D3 /* AI_ProductivityUITests.swift */; };
		47385A322947DBF800FE17D3 /* AI_ProductivityUITestsLaunchTests.swift in Sources */ = {isa = PBXBuildFile; fileRef = 47385A312947DBF800FE17D3 /* AI_ProductivityUITestsLaunchTests.swift */; };
		4779C0B82948F7F7000807FF /* OpenAPIRoutes.swift in Sources */ = {isa = PBXBuildFile; fileRef = 4779C0B72948F7F7000807FF /* OpenAPIRoutes.swift */; };
		4779C0BB2948F812000807FF /* CompletionRequestBody.swift in Sources */ = {isa = PBXBuildFile; fileRef = 4779C0BA2948F812000807FF /* CompletionRequestBody.swift */; };
		4779C0BD2948F82C000807FF /* CompletionRequestResponse.swift in Sources */ = {isa = PBXBuildFile; fileRef = 4779C0BC2948F82C000807FF /* CompletionRequestResponse.swift */; };
		4779C0C02948F868000807FF /* OpenAINetworking.swift in Sources */ = {isa = PBXBuildFile; fileRef = 4779C0BF2948F868000807FF /* OpenAINetworking.swift */; };
		4779C0C32948F890000807FF /* RootView.swift in Sources */ = {isa = PBXBuildFile; fileRef = 4779C0C22948F890000807FF /* RootView.swift */; };
		4779C0C52948FB1E000807FF /* NetworkingState.swift in Sources */ = {isa = PBXBuildFile; fileRef = 4779C0C42948FB1E000807FF /* NetworkingState.swift */; };
		4779C0C72948FEFE000807FF /* ConversationController.swift in Sources */ = {isa = PBXBuildFile; fileRef = 4779C0C62948FEFE000807FF /* ConversationController.swift */; };
		4779C0C9294D0B89000807FF /* ConversationView.swift in Sources */ = {isa = PBXBuildFile; fileRef = 4779C0C8294D0B89000807FF /* ConversationView.swift */; };
		4779C0CB294D117E000807FF /* SettingsView.swift in Sources */ = {isa = PBXBuildFile; fileRef = 4779C0CA294D117E000807FF /* SettingsView.swift */; };
		4779C0CD294D1F39000807FF /* ModelsRequestResponse.swift in Sources */ = {isa = PBXBuildFile; fileRef = 4779C0CC294D1F39000807FF /* ModelsRequestResponse.swift */; };
		4779C0CF294E70DC000807FF /* ModelListController.swift in Sources */ = {isa = PBXBuildFile; fileRef = 4779C0CE294E70DC000807FF /* ModelListController.swift */; };
		4779C0D1294E716C000807FF /* OpenAIModel.swift in Sources */ = {isa = PBXBuildFile; fileRef = 4779C0D0294E716C000807FF /* OpenAIModel.swift */; };
		4779C0D3294E726C000807FF /* ModelListView.swift in Sources */ = {isa = PBXBuildFile; fileRef = 4779C0D2294E726C000807FF /* ModelListView.swift */; };
		4779C0D529539965000807FF /* UserDefaultKeys.swift in Sources */ = {isa = PBXBuildFile; fileRef = 4779C0D429539965000807FF /* UserDefaultKeys.swift */; };
		4779C0D729545AB8000807FF /* OpenAIAPIKeyInput.swift in Sources */ = {isa = PBXBuildFile; fileRef = 4779C0D629545AB8000807FF /* OpenAIAPIKeyInput.swift */; };
		4779C0D929545B25000807FF /* OpenAIAPIKeyController.swift in Sources */ = {isa = PBXBuildFile; fileRef = 4779C0D829545B25000807FF /* OpenAIAPIKeyController.swift */; };
		4779C0DB29545C49000807FF /* OpenAIAPIKeyController_Tests.swift in Sources */ = {isa = PBXBuildFile; fileRef = 4779C0DA29545C49000807FF /* OpenAIAPIKeyController_Tests.swift */; };
		4779C0DD29545EEC000807FF /* AppMasterState.swift in Sources */ = {isa = PBXBuildFile; fileRef = 4779C0DC29545EEB000807FF /* AppMasterState.swift */; };
		4779C0E0295465CE000807FF /* Color_Extension.swift in Sources */ = {isa = PBXBuildFile; fileRef = 4779C0DF295465CE000807FF /* Color_Extension.swift */; };
		4779C0E22954BAD8000807FF /* NetworkingError.swift in Sources */ = {isa = PBXBuildFile; fileRef = 4779C0E12954BAD8000807FF /* NetworkingError.swift */; };
		4779C0E52955BA4C000807FF /* LineView.swift in Sources */ = {isa = PBXBuildFile; fileRef = 4779C0E42955BA4C000807FF /* LineView.swift */; };
		4779C0E7295638EC000807FF /* CustomButton.swift in Sources */ = {isa = PBXBuildFile; fileRef = 4779C0E6295638EC000807FF /* CustomButton.swift */; };
		4779C0E92957083C000807FF /* CustomTextField.swift in Sources */ = {isa = PBXBuildFile; fileRef = 4779C0E82957083C000807FF /* CustomTextField.swift */; };
		4779C0EB29576040000807FF /* ConversationComponent.swift in Sources */ = {isa = PBXBuildFile; fileRef = 4779C0EA29576040000807FF /* ConversationComponent.swift */; };
		4779C0ED2958673A000807FF /* ConversationComponentView.swift in Sources */ = {isa = PBXBuildFile; fileRef = 4779C0EC2958673A000807FF /* ConversationComponentView.swift */; };
/* End PBXBuildFile section */

/* Begin PBXContainerItemProxy section */
		47385A222947DBF800FE17D3 /* PBXContainerItemProxy */ = {
			isa = PBXContainerItemProxy;
			containerPortal = 47385A082947DBF700FE17D3 /* Project object */;
			proxyType = 1;
			remoteGlobalIDString = 47385A0F2947DBF700FE17D3;
			remoteInfo = "AI Productivity";
		};
		47385A2C2947DBF800FE17D3 /* PBXContainerItemProxy */ = {
			isa = PBXContainerItemProxy;
			containerPortal = 47385A082947DBF700FE17D3 /* Project object */;
			proxyType = 1;
			remoteGlobalIDString = 47385A0F2947DBF700FE17D3;
			remoteInfo = "AI Productivity";
		};
/* End PBXContainerItemProxy section */

/* Begin PBXFileReference section */
		47385A102947DBF700FE17D3 /* AI Productivity.app */ = {isa = PBXFileReference; explicitFileType = wrapper.application; includeInIndex = 0; path = "AI Productivity.app"; sourceTree = BUILT_PRODUCTS_DIR; };
		47385A132947DBF700FE17D3 /* AI_ProductivityApp.swift */ = {isa = PBXFileReference; lastKnownFileType = sourcecode.swift; path = AI_ProductivityApp.swift; sourceTree = "<group>"; };
		47385A172947DBF800FE17D3 /* Assets.xcassets */ = {isa = PBXFileReference; lastKnownFileType = folder.assetcatalog; path = Assets.xcassets; sourceTree = "<group>"; };
		47385A192947DBF800FE17D3 /* AI_Productivity.entitlements */ = {isa = PBXFileReference; lastKnownFileType = text.plist.entitlements; path = AI_Productivity.entitlements; sourceTree = "<group>"; };
		47385A1B2947DBF800FE17D3 /* Preview Assets.xcassets */ = {isa = PBXFileReference; lastKnownFileType = folder.assetcatalog; path = "Preview Assets.xcassets"; sourceTree = "<group>"; };
		47385A212947DBF800FE17D3 /* AI ProductivityTests.xctest */ = {isa = PBXFileReference; explicitFileType = wrapper.cfbundle; includeInIndex = 0; path = "AI ProductivityTests.xctest"; sourceTree = BUILT_PRODUCTS_DIR; };
		47385A252947DBF800FE17D3 /* AI_ProductivityTests.swift */ = {isa = PBXFileReference; lastKnownFileType = sourcecode.swift; path = AI_ProductivityTests.swift; sourceTree = "<group>"; };
		47385A2B2947DBF800FE17D3 /* AI ProductivityUITests.xctest */ = {isa = PBXFileReference; explicitFileType = wrapper.cfbundle; includeInIndex = 0; path = "AI ProductivityUITests.xctest"; sourceTree = BUILT_PRODUCTS_DIR; };
		47385A2F2947DBF800FE17D3 /* AI_ProductivityUITests.swift */ = {isa = PBXFileReference; lastKnownFileType = sourcecode.swift; path = AI_ProductivityUITests.swift; sourceTree = "<group>"; };
		47385A312947DBF800FE17D3 /* AI_ProductivityUITestsLaunchTests.swift */ = {isa = PBXFileReference; lastKnownFileType = sourcecode.swift; path = AI_ProductivityUITestsLaunchTests.swift; sourceTree = "<group>"; };
		4779C0B529488A9F000807FF /* AI-Productivity-Info.plist */ = {isa = PBXFileReference; lastKnownFileType = text.plist; path = "AI-Productivity-Info.plist"; sourceTree = SOURCE_ROOT; };
		4779C0B72948F7F7000807FF /* OpenAPIRoutes.swift */ = {isa = PBXFileReference; lastKnownFileType = sourcecode.swift; path = OpenAPIRoutes.swift; sourceTree = "<group>"; };
		4779C0BA2948F812000807FF /* CompletionRequestBody.swift */ = {isa = PBXFileReference; lastKnownFileType = sourcecode.swift; path = CompletionRequestBody.swift; sourceTree = "<group>"; };
		4779C0BC2948F82C000807FF /* CompletionRequestResponse.swift */ = {isa = PBXFileReference; lastKnownFileType = sourcecode.swift; path = CompletionRequestResponse.swift; sourceTree = "<group>"; };
		4779C0BF2948F868000807FF /* OpenAINetworking.swift */ = {isa = PBXFileReference; lastKnownFileType = sourcecode.swift; path = OpenAINetworking.swift; sourceTree = "<group>"; };
		4779C0C22948F890000807FF /* RootView.swift */ = {isa = PBXFileReference; lastKnownFileType = sourcecode.swift; path = RootView.swift; sourceTree = "<group>"; };
		4779C0C42948FB1E000807FF /* NetworkingState.swift */ = {isa = PBXFileReference; lastKnownFileType = sourcecode.swift; path = NetworkingState.swift; sourceTree = "<group>"; };
		4779C0C62948FEFE000807FF /* ConversationController.swift */ = {isa = PBXFileReference; lastKnownFileType = sourcecode.swift; path = ConversationController.swift; sourceTree = "<group>"; };
		4779C0C8294D0B89000807FF /* ConversationView.swift */ = {isa = PBXFileReference; lastKnownFileType = sourcecode.swift; path = ConversationView.swift; sourceTree = "<group>"; };
		4779C0CA294D117E000807FF /* SettingsView.swift */ = {isa = PBXFileReference; lastKnownFileType = sourcecode.swift; path = SettingsView.swift; sourceTree = "<group>"; };
		4779C0CC294D1F39000807FF /* ModelsRequestResponse.swift */ = {isa = PBXFileReference; lastKnownFileType = sourcecode.swift; path = ModelsRequestResponse.swift; sourceTree = "<group>"; };
		4779C0CE294E70DC000807FF /* ModelListController.swift */ = {isa = PBXFileReference; lastKnownFileType = sourcecode.swift; path = ModelListController.swift; sourceTree = "<group>"; };
		4779C0D0294E716C000807FF /* OpenAIModel.swift */ = {isa = PBXFileReference; lastKnownFileType = sourcecode.swift; path = OpenAIModel.swift; sourceTree = "<group>"; };
		4779C0D2294E726C000807FF /* ModelListView.swift */ = {isa = PBXFileReference; lastKnownFileType = sourcecode.swift; path = ModelListView.swift; sourceTree = "<group>"; };
		4779C0D429539965000807FF /* UserDefaultKeys.swift */ = {isa = PBXFileReference; lastKnownFileType = sourcecode.swift; path = UserDefaultKeys.swift; sourceTree = "<group>"; };
		4779C0D629545AB8000807FF /* OpenAIAPIKeyInput.swift */ = {isa = PBXFileReference; lastKnownFileType = sourcecode.swift; path = OpenAIAPIKeyInput.swift; sourceTree = "<group>"; };
		4779C0D829545B25000807FF /* OpenAIAPIKeyController.swift */ = {isa = PBXFileReference; lastKnownFileType = sourcecode.swift; path = OpenAIAPIKeyController.swift; sourceTree = "<group>"; };
		4779C0DA29545C49000807FF /* OpenAIAPIKeyController_Tests.swift */ = {isa = PBXFileReference; lastKnownFileType = sourcecode.swift; path = OpenAIAPIKeyController_Tests.swift; sourceTree = "<group>"; };
		4779C0DC29545EEB000807FF /* AppMasterState.swift */ = {isa = PBXFileReference; lastKnownFileType = sourcecode.swift; path = AppMasterState.swift; sourceTree = "<group>"; };
		4779C0DF295465CE000807FF /* Color_Extension.swift */ = {isa = PBXFileReference; lastKnownFileType = sourcecode.swift; path = Color_Extension.swift; sourceTree = "<group>"; };
		4779C0E12954BAD8000807FF /* NetworkingError.swift */ = {isa = PBXFileReference; lastKnownFileType = sourcecode.swift; path = NetworkingError.swift; sourceTree = "<group>"; };
		4779C0E42955BA4C000807FF /* LineView.swift */ = {isa = PBXFileReference; lastKnownFileType = sourcecode.swift; path = LineView.swift; sourceTree = "<group>"; };
		4779C0E6295638EC000807FF /* CustomButton.swift */ = {isa = PBXFileReference; lastKnownFileType = sourcecode.swift; path = CustomButton.swift; sourceTree = "<group>"; };
		4779C0E82957083C000807FF /* CustomTextField.swift */ = {isa = PBXFileReference; lastKnownFileType = sourcecode.swift; path = CustomTextField.swift; sourceTree = "<group>"; };
		4779C0EA29576040000807FF /* ConversationComponent.swift */ = {isa = PBXFileReference; lastKnownFileType = sourcecode.swift; path = ConversationComponent.swift; sourceTree = "<group>"; };
		4779C0EC2958673A000807FF /* ConversationComponentView.swift */ = {isa = PBXFileReference; lastKnownFileType = sourcecode.swift; path = ConversationComponentView.swift; sourceTree = "<group>"; };
/* End PBXFileReference section */

/* Begin PBXFrameworksBuildPhase section */
		47385A0D2947DBF700FE17D3 /* Frameworks */ = {
			isa = PBXFrameworksBuildPhase;
			buildActionMask = 2147483647;
			files = (
			);
			runOnlyForDeploymentPostprocessing = 0;
		};
		47385A1E2947DBF800FE17D3 /* Frameworks */ = {
			isa = PBXFrameworksBuildPhase;
			buildActionMask = 2147483647;
			files = (
			);
			runOnlyForDeploymentPostprocessing = 0;
		};
		47385A282947DBF800FE17D3 /* Frameworks */ = {
			isa = PBXFrameworksBuildPhase;
			buildActionMask = 2147483647;
			files = (
			);
			runOnlyForDeploymentPostprocessing = 0;
		};
/* End PBXFrameworksBuildPhase section */

/* Begin PBXGroup section */
		47385A072947DBF700FE17D3 = {
			isa = PBXGroup;
			children = (
				47385A122947DBF700FE17D3 /* AI Productivity */,
				47385A242947DBF800FE17D3 /* AI ProductivityTests */,
				47385A2E2947DBF800FE17D3 /* AI ProductivityUITests */,
				47385A112947DBF700FE17D3 /* Products */,
			);
			sourceTree = "<group>";
		};
		47385A112947DBF700FE17D3 /* Products */ = {
			isa = PBXGroup;
			children = (
				47385A102947DBF700FE17D3 /* AI Productivity.app */,
				47385A212947DBF800FE17D3 /* AI ProductivityTests.xctest */,
				47385A2B2947DBF800FE17D3 /* AI ProductivityUITests.xctest */,
			);
			name = Products;
			sourceTree = "<group>";
		};
		47385A122947DBF700FE17D3 /* AI Productivity */ = {
			isa = PBXGroup;
			children = (
				4779C0DE295465BA000807FF /* Extensions */,
				4779C0BE2948F857000807FF /* Classes */,
				4779C0B92948F805000807FF /* Structs */,
				4779C0B62948F7E5000807FF /* Enumerations */,
				4779C0B529488A9F000807FF /* AI-Productivity-Info.plist */,
				47385A132947DBF700FE17D3 /* AI_ProductivityApp.swift */,
				47385A172947DBF800FE17D3 /* Assets.xcassets */,
				47385A192947DBF800FE17D3 /* AI_Productivity.entitlements */,
				47385A1A2947DBF800FE17D3 /* Preview Content */,
			);
			path = "AI Productivity";
			sourceTree = "<group>";
		};
		47385A1A2947DBF800FE17D3 /* Preview Content */ = {
			isa = PBXGroup;
			children = (
				47385A1B2947DBF800FE17D3 /* Preview Assets.xcassets */,
			);
			path = "Preview Content";
			sourceTree = "<group>";
		};
		47385A242947DBF800FE17D3 /* AI ProductivityTests */ = {
			isa = PBXGroup;
			children = (
				47385A252947DBF800FE17D3 /* AI_ProductivityTests.swift */,
				4779C0DA29545C49000807FF /* OpenAIAPIKeyController_Tests.swift */,
			);
			path = "AI ProductivityTests";
			sourceTree = "<group>";
		};
		47385A2E2947DBF800FE17D3 /* AI ProductivityUITests */ = {
			isa = PBXGroup;
			children = (
				47385A2F2947DBF800FE17D3 /* AI_ProductivityUITests.swift */,
				47385A312947DBF800FE17D3 /* AI_ProductivityUITestsLaunchTests.swift */,
			);
			path = "AI ProductivityUITests";
			sourceTree = "<group>";
		};
		4779C0B62948F7E5000807FF /* Enumerations */ = {
			isa = PBXGroup;
			children = (
				4779C0B72948F7F7000807FF /* OpenAPIRoutes.swift */,
				4779C0C42948FB1E000807FF /* NetworkingState.swift */,
				4779C0E12954BAD8000807FF /* NetworkingError.swift */,
			);
			path = Enumerations;
			sourceTree = "<group>";
		};
		4779C0B92948F805000807FF /* Structs */ = {
			isa = PBXGroup;
			children = (
				4779C0C12948F87B000807FF /* UserInterface */,
				4779C0BA2948F812000807FF /* CompletionRequestBody.swift */,
				4779C0BC2948F82C000807FF /* CompletionRequestResponse.swift */,
				4779C0CC294D1F39000807FF /* ModelsRequestResponse.swift */,
				4779C0D0294E716C000807FF /* OpenAIModel.swift */,
				4779C0D429539965000807FF /* UserDefaultKeys.swift */,
				4779C0EA29576040000807FF /* ConversationComponent.swift */,
			);
			path = Structs;
			sourceTree = "<group>";
		};
		4779C0BE2948F857000807FF /* Classes */ = {
			isa = PBXGroup;
			children = (
				4779C0BF2948F868000807FF /* OpenAINetworking.swift */,
				4779C0C62948FEFE000807FF /* ConversationController.swift */,
				4779C0CE294E70DC000807FF /* ModelListController.swift */,
				4779C0D829545B25000807FF /* OpenAIAPIKeyController.swift */,
				4779C0DC29545EEB000807FF /* AppMasterState.swift */,
			);
			path = Classes;
			sourceTree = "<group>";
		};
		4779C0C12948F87B000807FF /* UserInterface */ = {
			isa = PBXGroup;
			children = (
				4779C0E32955BA3C000807FF /* Utility */,
				4779C0C22948F890000807FF /* RootView.swift */,
				4779C0C8294D0B89000807FF /* ConversationView.swift */,
				4779C0CA294D117E000807FF /* SettingsView.swift */,
				4779C0D2294E726C000807FF /* ModelListView.swift */,
				4779C0D629545AB8000807FF /* OpenAIAPIKeyInput.swift */,
				4779C0EC2958673A000807FF /* ConversationComponentView.swift */,
			);
			path = UserInterface;
			sourceTree = "<group>";
		};
		4779C0DE295465BA000807FF /* Extensions */ = {
			isa = PBXGroup;
			children = (
				4779C0DF295465CE000807FF /* Color_Extension.swift */,
			);
			path = Extensions;
			sourceTree = "<group>";
		};
		4779C0E32955BA3C000807FF /* Utility */ = {
			isa = PBXGroup;
			children = (
				4779C0E42955BA4C000807FF /* LineView.swift */,
				4779C0E6295638EC000807FF /* CustomButton.swift */,
				4779C0E82957083C000807FF /* CustomTextField.swift */,
			);
			path = Utility;
			sourceTree = "<group>";
		};
/* End PBXGroup section */

/* Begin PBXNativeTarget section */
		47385A0F2947DBF700FE17D3 /* AI Productivity */ = {
			isa = PBXNativeTarget;
			buildConfigurationList = 47385A352947DBF800FE17D3 /* Build configuration list for PBXNativeTarget "AI Productivity" */;
			buildPhases = (
				47385A0C2947DBF700FE17D3 /* Sources */,
				47385A0D2947DBF700FE17D3 /* Frameworks */,
				47385A0E2947DBF700FE17D3 /* Resources */,
			);
			buildRules = (
			);
			dependencies = (
			);
			name = "AI Productivity";
			productName = "AI Productivity";
			productReference = 47385A102947DBF700FE17D3 /* AI Productivity.app */;
			productType = "com.apple.product-type.application";
		};
		47385A202947DBF800FE17D3 /* AI ProductivityTests */ = {
			isa = PBXNativeTarget;
			buildConfigurationList = 47385A382947DBF800FE17D3 /* Build configuration list for PBXNativeTarget "AI ProductivityTests" */;
			buildPhases = (
				47385A1D2947DBF800FE17D3 /* Sources */,
				47385A1E2947DBF800FE17D3 /* Frameworks */,
				47385A1F2947DBF800FE17D3 /* Resources */,
			);
			buildRules = (
			);
			dependencies = (
				47385A232947DBF800FE17D3 /* PBXTargetDependency */,
			);
			name = "AI ProductivityTests";
			productName = "AI ProductivityTests";
			productReference = 47385A212947DBF800FE17D3 /* AI ProductivityTests.xctest */;
			productType = "com.apple.product-type.bundle.unit-test";
		};
		47385A2A2947DBF800FE17D3 /* AI ProductivityUITests */ = {
			isa = PBXNativeTarget;
			buildConfigurationList = 47385A3B2947DBF800FE17D3 /* Build configuration list for PBXNativeTarget "AI ProductivityUITests" */;
			buildPhases = (
				47385A272947DBF800FE17D3 /* Sources */,
				47385A282947DBF800FE17D3 /* Frameworks */,
				47385A292947DBF800FE17D3 /* Resources */,
			);
			buildRules = (
			);
			dependencies = (
				47385A2D2947DBF800FE17D3 /* PBXTargetDependency */,
			);
			name = "AI ProductivityUITests";
			productName = "AI ProductivityUITests";
			productReference = 47385A2B2947DBF800FE17D3 /* AI ProductivityUITests.xctest */;
			productType = "com.apple.product-type.bundle.ui-testing";
		};
/* End PBXNativeTarget section */

/* Begin PBXProject section */
		47385A082947DBF700FE17D3 /* Project object */ = {
			isa = PBXProject;
			attributes = {
				BuildIndependentTargetsInParallel = 1;
				LastSwiftUpdateCheck = 1410;
				LastUpgradeCheck = 1410;
				TargetAttributes = {
					47385A0F2947DBF700FE17D3 = {
						CreatedOnToolsVersion = 14.1;
					};
					47385A202947DBF800FE17D3 = {
						CreatedOnToolsVersion = 14.1;
						TestTargetID = 47385A0F2947DBF700FE17D3;
					};
					47385A2A2947DBF800FE17D3 = {
						CreatedOnToolsVersion = 14.1;
						TestTargetID = 47385A0F2947DBF700FE17D3;
					};
				};
			};
			buildConfigurationList = 47385A0B2947DBF700FE17D3 /* Build configuration list for PBXProject "AI Productivity" */;
			compatibilityVersion = "Xcode 14.0";
			developmentRegion = en;
			hasScannedForEncodings = 0;
			knownRegions = (
				en,
				Base,
			);
			mainGroup = 47385A072947DBF700FE17D3;
			productRefGroup = 47385A112947DBF700FE17D3 /* Products */;
			projectDirPath = "";
			projectRoot = "";
			targets = (
				47385A0F2947DBF700FE17D3 /* AI Productivity */,
				47385A202947DBF800FE17D3 /* AI ProductivityTests */,
				47385A2A2947DBF800FE17D3 /* AI ProductivityUITests */,
			);
		};
/* End PBXProject section */

/* Begin PBXResourcesBuildPhase section */
		47385A0E2947DBF700FE17D3 /* Resources */ = {
			isa = PBXResourcesBuildPhase;
			buildActionMask = 2147483647;
			files = (
				47385A1C2947DBF800FE17D3 /* Preview Assets.xcassets in Resources */,
				47385A182947DBF800FE17D3 /* Assets.xcassets in Resources */,
			);
			runOnlyForDeploymentPostprocessing = 0;
		};
		47385A1F2947DBF800FE17D3 /* Resources */ = {
			isa = PBXResourcesBuildPhase;
			buildActionMask = 2147483647;
			files = (
			);
			runOnlyForDeploymentPostprocessing = 0;
		};
		47385A292947DBF800FE17D3 /* Resources */ = {
			isa = PBXResourcesBuildPhase;
			buildActionMask = 2147483647;
			files = (
			);
			runOnlyForDeploymentPostprocessing = 0;
		};
/* End PBXResourcesBuildPhase section */

/* Begin PBXSourcesBuildPhase section */
		47385A0C2947DBF700FE17D3 /* Sources */ = {
			isa = PBXSourcesBuildPhase;
			buildActionMask = 2147483647;
			files = (
				4779C0D3294E726C000807FF /* ModelListView.swift in Sources */,
				4779C0D729545AB8000807FF /* OpenAIAPIKeyInput.swift in Sources */,
				4779C0C02948F868000807FF /* OpenAINetworking.swift in Sources */,
				4779C0CF294E70DC000807FF /* ModelListController.swift in Sources */,
				4779C0EB29576040000807FF /* ConversationComponent.swift in Sources */,
				4779C0E92957083C000807FF /* CustomTextField.swift in Sources */,
				47385A142947DBF700FE17D3 /* AI_ProductivityApp.swift in Sources */,
				4779C0ED2958673A000807FF /* ConversationComponentView.swift in Sources */,
				4779C0E52955BA4C000807FF /* LineView.swift in Sources */,
				4779C0C52948FB1E000807FF /* NetworkingState.swift in Sources */,
				4779C0D529539965000807FF /* UserDefaultKeys.swift in Sources */,
				4779C0B82948F7F7000807FF /* OpenAPIRoutes.swift in Sources */,
				4779C0E0295465CE000807FF /* Color_Extension.swift in Sources */,
				4779C0CD294D1F39000807FF /* ModelsRequestResponse.swift in Sources */,
				4779C0C32948F890000807FF /* RootView.swift in Sources */,
				4779C0CB294D117E000807FF /* SettingsView.swift in Sources */,
				4779C0DD29545EEC000807FF /* AppMasterState.swift in Sources */,
				4779C0BD2948F82C000807FF /* CompletionRequestResponse.swift in Sources */,
				4779C0E22954BAD8000807FF /* NetworkingError.swift in Sources */,
				4779C0C72948FEFE000807FF /* ConversationController.swift in Sources */,
				4779C0D929545B25000807FF /* OpenAIAPIKeyController.swift in Sources */,
				4779C0E7295638EC000807FF /* CustomButton.swift in Sources */,
				4779C0D1294E716C000807FF /* OpenAIModel.swift in Sources */,
				4779C0BB2948F812000807FF /* CompletionRequestBody.swift in Sources */,
				4779C0C9294D0B89000807FF /* ConversationView.swift in Sources */,
			);
			runOnlyForDeploymentPostprocessing = 0;
		};
		47385A1D2947DBF800FE17D3 /* Sources */ = {
			isa = PBXSourcesBuildPhase;
			buildActionMask = 2147483647;
			files = (
				4779C0DB29545C49000807FF /* OpenAIAPIKeyController_Tests.swift in Sources */,
				47385A262947DBF800FE17D3 /* AI_ProductivityTests.swift in Sources */,
			);
			runOnlyForDeploymentPostprocessing = 0;
		};
		47385A272947DBF800FE17D3 /* Sources */ = {
			isa = PBXSourcesBuildPhase;
			buildActionMask = 2147483647;
			files = (
				47385A322947DBF800FE17D3 /* AI_ProductivityUITestsLaunchTests.swift in Sources */,
				47385A302947DBF800FE17D3 /* AI_ProductivityUITests.swift in Sources */,
			);
			runOnlyForDeploymentPostprocessing = 0;
		};
/* End PBXSourcesBuildPhase section */

/* Begin PBXTargetDependency section */
		47385A232947DBF800FE17D3 /* PBXTargetDependency */ = {
			isa = PBXTargetDependency;
			target = 47385A0F2947DBF700FE17D3 /* AI Productivity */;
			targetProxy = 47385A222947DBF800FE17D3 /* PBXContainerItemProxy */;
		};
		47385A2D2947DBF800FE17D3 /* PBXTargetDependency */ = {
			isa = PBXTargetDependency;
			target = 47385A0F2947DBF700FE17D3 /* AI Productivity */;
			targetProxy = 47385A2C2947DBF800FE17D3 /* PBXContainerItemProxy */;
		};
/* End PBXTargetDependency section */

/* Begin XCBuildConfiguration section */
		47385A332947DBF800FE17D3 /* Debug */ = {
			isa = XCBuildConfiguration;
			buildSettings = {
				ALWAYS_SEARCH_USER_PATHS = NO;
				CLANG_ANALYZER_NONNULL = YES;
				CLANG_ANALYZER_NUMBER_OBJECT_CONVERSION = YES_AGGRESSIVE;
				CLANG_CXX_LANGUAGE_STANDARD = "gnu++20";
				CLANG_ENABLE_MODULES = YES;
				CLANG_ENABLE_OBJC_ARC = YES;
				CLANG_ENABLE_OBJC_WEAK = YES;
				CLANG_WARN_BLOCK_CAPTURE_AUTORELEASING = YES;
				CLANG_WARN_BOOL_CONVERSION = YES;
				CLANG_WARN_COMMA = YES;
				CLANG_WARN_CONSTANT_CONVERSION = YES;
				CLANG_WARN_DEPRECATED_OBJC_IMPLEMENTATIONS = YES;
				CLANG_WARN_DIRECT_OBJC_ISA_USAGE = YES_ERROR;
				CLANG_WARN_DOCUMENTATION_COMMENTS = YES;
				CLANG_WARN_EMPTY_BODY = YES;
				CLANG_WARN_ENUM_CONVERSION = YES;
				CLANG_WARN_INFINITE_RECURSION = YES;
				CLANG_WARN_INT_CONVERSION = YES;
				CLANG_WARN_NON_LITERAL_NULL_CONVERSION = YES;
				CLANG_WARN_OBJC_IMPLICIT_RETAIN_SELF = YES;
				CLANG_WARN_OBJC_LITERAL_CONVERSION = YES;
				CLANG_WARN_OBJC_ROOT_CLASS = YES_ERROR;
				CLANG_WARN_QUOTED_INCLUDE_IN_FRAMEWORK_HEADER = YES;
				CLANG_WARN_RANGE_LOOP_ANALYSIS = YES;
				CLANG_WARN_STRICT_PROTOTYPES = YES;
				CLANG_WARN_SUSPICIOUS_MOVE = YES;
				CLANG_WARN_UNGUARDED_AVAILABILITY = YES_AGGRESSIVE;
				CLANG_WARN_UNREACHABLE_CODE = YES;
				CLANG_WARN__DUPLICATE_METHOD_MATCH = YES;
				COPY_PHASE_STRIP = NO;
				DEBUG_INFORMATION_FORMAT = dwarf;
				ENABLE_STRICT_OBJC_MSGSEND = YES;
				ENABLE_TESTABILITY = YES;
				GCC_C_LANGUAGE_STANDARD = gnu11;
				GCC_DYNAMIC_NO_PIC = NO;
				GCC_NO_COMMON_BLOCKS = YES;
				GCC_OPTIMIZATION_LEVEL = 0;
				GCC_PREPROCESSOR_DEFINITIONS = (
					"DEBUG=1",
					"$(inherited)",
				);
				GCC_WARN_64_TO_32_BIT_CONVERSION = YES;
				GCC_WARN_ABOUT_RETURN_TYPE = YES_ERROR;
				GCC_WARN_UNDECLARED_SELECTOR = YES;
				GCC_WARN_UNINITIALIZED_AUTOS = YES_AGGRESSIVE;
				GCC_WARN_UNUSED_FUNCTION = YES;
				GCC_WARN_UNUSED_VARIABLE = YES;
				MTL_ENABLE_DEBUG_INFO = INCLUDE_SOURCE;
				MTL_FAST_MATH = YES;
				ONLY_ACTIVE_ARCH = YES;
				SWIFT_ACTIVE_COMPILATION_CONDITIONS = DEBUG;
				SWIFT_OPTIMIZATION_LEVEL = "-Onone";
			};
			name = Debug;
		};
		47385A342947DBF800FE17D3 /* Release */ = {
			isa = XCBuildConfiguration;
			buildSettings = {
				ALWAYS_SEARCH_USER_PATHS = NO;
				CLANG_ANALYZER_NONNULL = YES;
				CLANG_ANALYZER_NUMBER_OBJECT_CONVERSION = YES_AGGRESSIVE;
				CLANG_CXX_LANGUAGE_STANDARD = "gnu++20";
				CLANG_ENABLE_MODULES = YES;
				CLANG_ENABLE_OBJC_ARC = YES;
				CLANG_ENABLE_OBJC_WEAK = YES;
				CLANG_WARN_BLOCK_CAPTURE_AUTORELEASING = YES;
				CLANG_WARN_BOOL_CONVERSION = YES;
				CLANG_WARN_COMMA = YES;
				CLANG_WARN_CONSTANT_CONVERSION = YES;
				CLANG_WARN_DEPRECATED_OBJC_IMPLEMENTATIONS = YES;
				CLANG_WARN_DIRECT_OBJC_ISA_USAGE = YES_ERROR;
				CLANG_WARN_DOCUMENTATION_COMMENTS = YES;
				CLANG_WARN_EMPTY_BODY = YES;
				CLANG_WARN_ENUM_CONVERSION = YES;
				CLANG_WARN_INFINITE_RECURSION = YES;
				CLANG_WARN_INT_CONVERSION = YES;
				CLANG_WARN_NON_LITERAL_NULL_CONVERSION = YES;
				CLANG_WARN_OBJC_IMPLICIT_RETAIN_SELF = YES;
				CLANG_WARN_OBJC_LITERAL_CONVERSION = YES;
				CLANG_WARN_OBJC_ROOT_CLASS = YES_ERROR;
				CLANG_WARN_QUOTED_INCLUDE_IN_FRAMEWORK_HEADER = YES;
				CLANG_WARN_RANGE_LOOP_ANALYSIS = YES;
				CLANG_WARN_STRICT_PROTOTYPES = YES;
				CLANG_WARN_SUSPICIOUS_MOVE = YES;
				CLANG_WARN_UNGUARDED_AVAILABILITY = YES_AGGRESSIVE;
				CLANG_WARN_UNREACHABLE_CODE = YES;
				CLANG_WARN__DUPLICATE_METHOD_MATCH = YES;
				COPY_PHASE_STRIP = NO;
				DEBUG_INFORMATION_FORMAT = "dwarf-with-dsym";
				ENABLE_NS_ASSERTIONS = NO;
				ENABLE_STRICT_OBJC_MSGSEND = YES;
				GCC_C_LANGUAGE_STANDARD = gnu11;
				GCC_NO_COMMON_BLOCKS = YES;
				GCC_WARN_64_TO_32_BIT_CONVERSION = YES;
				GCC_WARN_ABOUT_RETURN_TYPE = YES_ERROR;
				GCC_WARN_UNDECLARED_SELECTOR = YES;
				GCC_WARN_UNINITIALIZED_AUTOS = YES_AGGRESSIVE;
				GCC_WARN_UNUSED_FUNCTION = YES;
				GCC_WARN_UNUSED_VARIABLE = YES;
				MTL_ENABLE_DEBUG_INFO = NO;
				MTL_FAST_MATH = YES;
				SWIFT_COMPILATION_MODE = wholemodule;
				SWIFT_OPTIMIZATION_LEVEL = "-O";
			};
			name = Release;
		};
		47385A362947DBF800FE17D3 /* Debug */ = {
			isa = XCBuildConfiguration;
			buildSettings = {
				ASSETCATALOG_COMPILER_APPICON_NAME = AppIcon;
				ASSETCATALOG_COMPILER_GLOBAL_ACCENT_COLOR_NAME = AccentColor;
				CODE_SIGN_ENTITLEMENTS = "AI Productivity/AI_Productivity.entitlements";
				CODE_SIGN_STYLE = Automatic;
				CURRENT_PROJECT_VERSION = 2;
				DEVELOPMENT_ASSET_PATHS = "\"AI Productivity/Preview Content\"";
				DEVELOPMENT_TEAM = WEZXTSQ23M;
				ENABLE_HARDENED_RUNTIME = YES;
				ENABLE_PREVIEWS = YES;
				GENERATE_INFOPLIST_FILE = YES;
				INFOPLIST_FILE = "AI-Productivity-Info.plist";
				"INFOPLIST_KEY_UIApplicationSceneManifest_Generation[sdk=iphoneos*]" = YES;
				"INFOPLIST_KEY_UIApplicationSceneManifest_Generation[sdk=iphonesimulator*]" = YES;
				"INFOPLIST_KEY_UIApplicationSupportsIndirectInputEvents[sdk=iphoneos*]" = YES;
				"INFOPLIST_KEY_UIApplicationSupportsIndirectInputEvents[sdk=iphonesimulator*]" = YES;
				"INFOPLIST_KEY_UILaunchScreen_Generation[sdk=iphoneos*]" = YES;
				"INFOPLIST_KEY_UILaunchScreen_Generation[sdk=iphonesimulator*]" = YES;
				"INFOPLIST_KEY_UIStatusBarStyle[sdk=iphoneos*]" = UIStatusBarStyleDefault;
				"INFOPLIST_KEY_UIStatusBarStyle[sdk=iphonesimulator*]" = UIStatusBarStyleDefault;
				INFOPLIST_KEY_UISupportedInterfaceOrientations_iPad = "UIInterfaceOrientationPortrait UIInterfaceOrientationPortraitUpsideDown UIInterfaceOrientationLandscapeLeft UIInterfaceOrientationLandscapeRight";
				INFOPLIST_KEY_UISupportedInterfaceOrientations_iPhone = "UIInterfaceOrientationPortrait UIInterfaceOrientationLandscapeLeft UIInterfaceOrientationLandscapeRight";
				IPHONEOS_DEPLOYMENT_TARGET = 15.4;
				LD_RUNPATH_SEARCH_PATHS = "@executable_path/Frameworks";
				"LD_RUNPATH_SEARCH_PATHS[sdk=macosx*]" = "@executable_path/../Frameworks";
				MACOSX_DEPLOYMENT_TARGET = 12.4;
				MARKETING_VERSION = 1.0;
				PRODUCT_BUNDLE_IDENTIFIER = "Jon-Vogel.AI-Productivity";
				PRODUCT_NAME = "$(TARGET_NAME)";
				SDKROOT = auto;
				SUPPORTED_PLATFORMS = "iphoneos iphonesimulator";
				SUPPORTS_MACCATALYST = NO;
				SUPPORTS_MAC_DESIGNED_FOR_IPHONE_IPAD = YES;
				SWIFT_EMIT_LOC_STRINGS = YES;
				SWIFT_VERSION = 5.0;
				TARGETED_DEVICE_FAMILY = "1,2";
			};
			name = Debug;
		};
		47385A372947DBF800FE17D3 /* Release */ = {
			isa = XCBuildConfiguration;
			buildSettings = {
				ASSETCATALOG_COMPILER_APPICON_NAME = AppIcon;
				ASSETCATALOG_COMPILER_GLOBAL_ACCENT_COLOR_NAME = AccentColor;
				CODE_SIGN_ENTITLEMENTS = "AI Productivity/AI_Productivity.entitlements";
				CODE_SIGN_STYLE = Automatic;
				CURRENT_PROJECT_VERSION = 2;
				DEVELOPMENT_ASSET_PATHS = "\"AI Productivity/Preview Content\"";
				DEVELOPMENT_TEAM = WEZXTSQ23M;
				ENABLE_HARDENED_RUNTIME = YES;
				ENABLE_PREVIEWS = YES;
				GENERATE_INFOPLIST_FILE = YES;
				INFOPLIST_FILE = "AI-Productivity-Info.plist";
				"INFOPLIST_KEY_UIApplicationSceneManifest_Generation[sdk=iphoneos*]" = YES;
				"INFOPLIST_KEY_UIApplicationSceneManifest_Generation[sdk=iphonesimulator*]" = YES;
				"INFOPLIST_KEY_UIApplicationSupportsIndirectInputEvents[sdk=iphoneos*]" = YES;
				"INFOPLIST_KEY_UIApplicationSupportsIndirectInputEvents[sdk=iphonesimulator*]" = YES;
				"INFOPLIST_KEY_UILaunchScreen_Generation[sdk=iphoneos*]" = YES;
				"INFOPLIST_KEY_UILaunchScreen_Generation[sdk=iphonesimulator*]" = YES;
				"INFOPLIST_KEY_UIStatusBarStyle[sdk=iphoneos*]" = UIStatusBarStyleDefault;
				"INFOPLIST_KEY_UIStatusBarStyle[sdk=iphonesimulator*]" = UIStatusBarStyleDefault;
				INFOPLIST_KEY_UISupportedInterfaceOrientations_iPad = "UIInterfaceOrientationPortrait UIInterfaceOrientationPortraitUpsideDown UIInterfaceOrientationLandscapeLeft UIInterfaceOrientationLandscapeRight";
				INFOPLIST_KEY_UISupportedInterfaceOrientations_iPhone = "UIInterfaceOrientationPortrait UIInterfaceOrientationLandscapeLeft UIInterfaceOrientationLandscapeRight";
				IPHONEOS_DEPLOYMENT_TARGET = 15.4;
				LD_RUNPATH_SEARCH_PATHS = "@executable_path/Frameworks";
				"LD_RUNPATH_SEARCH_PATHS[sdk=macosx*]" = "@executable_path/../Frameworks";
				MACOSX_DEPLOYMENT_TARGET = 12.4;
				MARKETING_VERSION = 1.0;
				PRODUCT_BUNDLE_IDENTIFIER = "Jon-Vogel.AI-Productivity";
				PRODUCT_NAME = "$(TARGET_NAME)";
				SDKROOT = auto;
				SUPPORTED_PLATFORMS = "iphoneos iphonesimulator";
				SUPPORTS_MACCATALYST = NO;
				SUPPORTS_MAC_DESIGNED_FOR_IPHONE_IPAD = YES;
				SWIFT_EMIT_LOC_STRINGS = YES;
				SWIFT_VERSION = 5.0;
				TARGETED_DEVICE_FAMILY = "1,2";
			};
			name = Release;
		};
		47385A392947DBF800FE17D3 /* Debug */ = {
			isa = XCBuildConfiguration;
			buildSettings = {
				ALWAYS_EMBED_SWIFT_STANDARD_LIBRARIES = YES;
				BUNDLE_LOADER = "$(TEST_HOST)";
				CODE_SIGN_STYLE = Automatic;
				CURRENT_PROJECT_VERSION = 1;
				DEVELOPMENT_TEAM = WEZXTSQ23M;
				GENERATE_INFOPLIST_FILE = YES;
				IPHONEOS_DEPLOYMENT_TARGET = 16.1;
				MACOSX_DEPLOYMENT_TARGET = 12.6;
				MARKETING_VERSION = 1.0;
				PRODUCT_BUNDLE_IDENTIFIER = "Jon-Vogel.AI-ProductivityTests";
				PRODUCT_NAME = "$(TARGET_NAME)";
				SDKROOT = auto;
				SUPPORTED_PLATFORMS = "iphoneos iphonesimulator macosx";
				SWIFT_EMIT_LOC_STRINGS = NO;
				SWIFT_VERSION = 5.0;
				TARGETED_DEVICE_FAMILY = "1,2";
				TEST_HOST = "$(BUILT_PRODUCTS_DIR)/AI Productivity.app/$(BUNDLE_EXECUTABLE_FOLDER_PATH)/AI Productivity";
			};
			name = Debug;
		};
		47385A3A2947DBF800FE17D3 /* Release */ = {
			isa = XCBuildConfiguration;
			buildSettings = {
				ALWAYS_EMBED_SWIFT_STANDARD_LIBRARIES = YES;
				BUNDLE_LOADER = "$(TEST_HOST)";
				CODE_SIGN_STYLE = Automatic;
				CURRENT_PROJECT_VERSION = 1;
				DEVELOPMENT_TEAM = WEZXTSQ23M;
				GENERATE_INFOPLIST_FILE = YES;
				IPHONEOS_DEPLOYMENT_TARGET = 16.1;
				MACOSX_DEPLOYMENT_TARGET = 12.6;
				MARKETING_VERSION = 1.0;
				PRODUCT_BUNDLE_IDENTIFIER = "Jon-Vogel.AI-ProductivityTests";
				PRODUCT_NAME = "$(TARGET_NAME)";
				SDKROOT = auto;
				SUPPORTED_PLATFORMS = "iphoneos iphonesimulator macosx";
				SWIFT_EMIT_LOC_STRINGS = NO;
				SWIFT_VERSION = 5.0;
				TARGETED_DEVICE_FAMILY = "1,2";
				TEST_HOST = "$(BUILT_PRODUCTS_DIR)/AI Productivity.app/$(BUNDLE_EXECUTABLE_FOLDER_PATH)/AI Productivity";
			};
			name = Release;
		};
		47385A3C2947DBF800FE17D3 /* Debug */ = {
			isa = XCBuildConfiguration;
			buildSettings = {
				ALWAYS_EMBED_SWIFT_STANDARD_LIBRARIES = YES;
				CODE_SIGN_STYLE = Automatic;
				CURRENT_PROJECT_VERSION = 1;
				DEVELOPMENT_TEAM = WEZXTSQ23M;
				GENERATE_INFOPLIST_FILE = YES;
				IPHONEOS_DEPLOYMENT_TARGET = 16.1;
				MACOSX_DEPLOYMENT_TARGET = 12.6;
				MARKETING_VERSION = 1.0;
				PRODUCT_BUNDLE_IDENTIFIER = "Jon-Vogel.AI-ProductivityUITests";
				PRODUCT_NAME = "$(TARGET_NAME)";
				SDKROOT = auto;
				SUPPORTED_PLATFORMS = "iphoneos iphonesimulator macosx";
				SWIFT_EMIT_LOC_STRINGS = NO;
				SWIFT_VERSION = 5.0;
				TARGETED_DEVICE_FAMILY = "1,2";
				TEST_TARGET_NAME = "AI Productivity";
			};
			name = Debug;
		};
		47385A3D2947DBF800FE17D3 /* Release */ = {
			isa = XCBuildConfiguration;
			buildSettings = {
				ALWAYS_EMBED_SWIFT_STANDARD_LIBRARIES = YES;
				CODE_SIGN_STYLE = Automatic;
				CURRENT_PROJECT_VERSION = 1;
				DEVELOPMENT_TEAM = WEZXTSQ23M;
				GENERATE_INFOPLIST_FILE = YES;
				IPHONEOS_DEPLOYMENT_TARGET = 16.1;
				MACOSX_DEPLOYMENT_TARGET = 12.6;
				MARKETING_VERSION = 1.0;
				PRODUCT_BUNDLE_IDENTIFIER = "Jon-Vogel.AI-ProductivityUITests";
				PRODUCT_NAME = "$(TARGET_NAME)";
				SDKROOT = auto;
				SUPPORTED_PLATFORMS = "iphoneos iphonesimulator macosx";
				SWIFT_EMIT_LOC_STRINGS = NO;
				SWIFT_VERSION = 5.0;
				TARGETED_DEVICE_FAMILY = "1,2";
				TEST_TARGET_NAME = "AI Productivity";
			};
			name = Release;
		};
/* End XCBuildConfiguration section */

/* Begin XCConfigurationList section */
		47385A0B2947DBF700FE17D3 /* Build configuration list for PBXProject "AI Productivity" */ = {
			isa = XCConfigurationList;
			buildConfigurations = (
				47385A332947DBF800FE17D3 /* Debug */,
				47385A342947DBF800FE17D3 /* Release */,
			);
			defaultConfigurationIsVisible = 0;
			defaultConfigurationName = Release;
		};
		47385A352947DBF800FE17D3 /* Build configuration list for PBXNativeTarget "AI Productivity" */ = {
			isa = XCConfigurationList;
			buildConfigurations = (
				47385A362947DBF800FE17D3 /* Debug */,
				47385A372947DBF800FE17D3 /* Release */,
			);
			defaultConfigurationIsVisible = 0;
			defaultConfigurationName = Release;
		};
		47385A382947DBF800FE17D3 /* Build configuration list for PBXNativeTarget "AI ProductivityTests" */ = {
			isa = XCConfigurationList;
			buildConfigurations = (
				47385A392947DBF800FE17D3 /* Debug */,
				47385A3A2947DBF800FE17D3 /* Release */,
			);
			defaultConfigurationIsVisible = 0;
			defaultConfigurationName = Release;
		};
		47385A3B2947DBF800FE17D3 /* Build configuration list for PBXNativeTarget "AI ProductivityUITests" */ = {
			isa = XCConfigurationList;
			buildConfigurations = (
				47385A3C2947DBF800FE17D3 /* Debug */,
				47385A3D2947DBF800FE17D3 /* Release */,
			);
			defaultConfigurationIsVisible = 0;
			defaultConfigurationName = Release;
		};
/* End XCConfigurationList section */
	};
	rootObject = 47385A082947DBF700FE17D3 /* Project object */;
}
